
Microsoft Visual Studio Solution File, Format Version 12.00
# Visual Studio Version 17
VisualStudioVersion = 17.12.35527.113 d17.12
MinimumVisualStudioVersion = 10.0.40219.1
Project("{FAE04EC0-301F-11D3-BF4B-00C04F79EFBC}") = "CapaDatos", "CapaDatos.csproj", "{B9DE03BC-2701-494C-9758-D80B3AD56C7C}"
EndProject
Project("{FAE04EC0-301F-11D3-BF4B-00C04F79EFBC}") = "CapaNegocio", "..\CapaNegocio\CapaNegocio.csproj", "{72C8FCF7-012B-493E-896C-749B31FF483B}"
EndProject
Project("{FAE04EC0-301F-11D3-BF4B-00C04F79EFBC}") = "CapaEntidades", "..\CapaEntidades\CapaEntidades.csproj", "{B6EE9F30-805C-45EC-97CF-AB674647D744}"
EndProject
Project("{FAE04EC0-301F-11D3-BF4B-00C04F79EFBC}") = "CapaPresentacion", "..\CapaPresentacion\CapaPresentacion.csproj", "{4CABA5A2-9A66-4AED-8724-A179A9FA43D9}"
EndProject
Global
	GlobalSection(SolutionConfigurationPlatforms) = preSolution
		Debug|Any CPU = Debug|Any CPU
		Release|Any CPU = Release|Any CPU
	EndGlobalSection
	GlobalSection(ProjectConfigurationPlatforms) = postSolution
		{B9DE03BC-2701-494C-9758-D80B3AD56C7C}.Debug|Any CPU.ActiveCfg = Debug|Any CPU
		{B9DE03BC-2701-494C-9758-D80B3AD56C7C}.Debug|Any CPU.Build.0 = Debug|Any CPU
		{B9DE03BC-2701-494C-9758-D80B3AD56C7C}.Release|Any CPU.ActiveCfg = Release|Any CPU
		{B9DE03BC-2701-494C-9758-D80B3AD56C7C}.Release|Any CPU.Build.0 = Release|Any CPU
		{72C8FCF7-012B-493E-896C-749B31FF483B}.Debug|Any CPU.ActiveCfg = Debug|Any CPU
		{72C8FCF7-012B-493E-896C-749B31FF483B}.Debug|Any CPU.Build.0 = Debug|Any CPU
		{72C8FCF7-012B-493E-896C-749B31FF483B}.Release|Any CPU.ActiveCfg = Release|Any CPU
		{72C8FCF7-012B-493E-896C-749B31FF483B}.Release|Any CPU.Build.0 = Release|Any CPU
		{B6EE9F30-805C-45EC-97CF-AB674647D744}.Debug|Any CPU.ActiveCfg = Debug|Any CPU
		{B6EE9F30-805C-45EC-97CF-AB674647D744}.Debug|Any CPU.Build.0 = Debug|Any CPU
		{B6EE9F30-805C-45EC-97CF-AB674647D744}.Release|Any CPU.ActiveCfg = Release|Any CPU
		{B6EE9F30-805C-45EC-97CF-AB674647D744}.Release|Any CPU.Build.0 = Release|Any CPU
		{4CABA5A2-9A66-4AED-8724-A179A9FA43D9}.Debug|Any CPU.ActiveCfg = Debug|Any CPU
		{4CABA5A2-9A66-4AED-8724-A179A9FA43D9}.Debug|Any CPU.Build.0 = Debug|Any CPU
		{4CABA5A2-9A66-4AED-8724-A179A9FA43D9}.Release|Any CPU.ActiveCfg = Release|Any CPU
		{4CABA5A2-9A66-4AED-8724-A179A9FA43D9}.Release|Any CPU.Build.0 = Release|Any CPU
	EndGlobalSection
	GlobalSection(SolutionProperties) = preSolution
		HideSolutionNode = FALSE
	EndGlobalSection
EndGlobal
